// !$*UTF8*$!
{
	archiveVersion = 1;
	classes = {
	};
	objectVersion = 55;
	objects = {

/* Begin PBXBuildFile section */
		DBF51680282EFA130011B55A /* SAEApp.swift in Sources */ = {isa = PBXBuildFile; fileRef = DBF5167F282EFA130011B55A /* SAEApp.swift */; };
		DBF51684282EFA160011B55A /* Assets.xcassets in Resources */ = {isa = PBXBuildFile; fileRef = DBF51683282EFA160011B55A /* Assets.xcassets */; };
		DBF51687282EFA160011B55A /* Preview Assets.xcassets in Resources */ = {isa = PBXBuildFile; fileRef = DBF51686282EFA160011B55A /* Preview Assets.xcassets */; };
		DBF51690282EFD830011B55A /* HomeView.swift in Sources */ = {isa = PBXBuildFile; fileRef = DBF5168F282EFD830011B55A /* HomeView.swift */; };
		DBF51692282EFE5D0011B55A /* HomeViewModel.swift in Sources */ = {isa = PBXBuildFile; fileRef = DBF51691282EFE5D0011B55A /* HomeViewModel.swift */; };
		DBF51694282EFEF30011B55A /* Patient.swift in Sources */ = {isa = PBXBuildFile; fileRef = DBF51693282EFEF30011B55A /* Patient.swift */; };
		DBF51699282F00260011B55A /* CreatePatientView.swift in Sources */ = {isa = PBXBuildFile; fileRef = DBF51698282F00260011B55A /* CreatePatientView.swift */; };
		DBF5169B282F00BD0011B55A /* CreatePatientViewModel.swift in Sources */ = {isa = PBXBuildFile; fileRef = DBF5169A282F00BD0011B55A /* CreatePatientViewModel.swift */; };
/* End PBXBuildFile section */

/* Begin PBXFileReference section */
		DBF5167C282EFA130011B55A /* SAE.app */ = {isa = PBXFileReference; explicitFileType = wrapper.application; includeInIndex = 0; path = SAE.app; sourceTree = BUILT_PRODUCTS_DIR; };
		DBF5167F282EFA130011B55A /* SAEApp.swift */ = {isa = PBXFileReference; lastKnownFileType = sourcecode.swift; path = SAEApp.swift; sourceTree = "<group>"; };
		DBF51683282EFA160011B55A /* Assets.xcassets */ = {isa = PBXFileReference; lastKnownFileType = folder.assetcatalog; path = Assets.xcassets; sourceTree = "<group>"; };
		DBF51686282EFA160011B55A /* Preview Assets.xcassets */ = {isa = PBXFileReference; lastKnownFileType = folder.assetcatalog; path = "Preview Assets.xcassets"; sourceTree = "<group>"; };
		DBF5168F282EFD830011B55A /* HomeView.swift */ = {isa = PBXFileReference; lastKnownFileType = sourcecode.swift; path = HomeView.swift; sourceTree = "<group>"; };
		DBF51691282EFE5D0011B55A /* HomeViewModel.swift */ = {isa = PBXFileReference; lastKnownFileType = sourcecode.swift; path = HomeViewModel.swift; sourceTree = "<group>"; };
		DBF51693282EFEF30011B55A /* Patient.swift */ = {isa = PBXFileReference; lastKnownFileType = sourcecode.swift; path = Patient.swift; sourceTree = "<group>"; };
		DBF51698282F00260011B55A /* CreatePatientView.swift */ = {isa = PBXFileReference; lastKnownFileType = sourcecode.swift; path = CreatePatientView.swift; sourceTree = "<group>"; };
		DBF5169A282F00BD0011B55A /* CreatePatientViewModel.swift */ = {isa = PBXFileReference; lastKnownFileType = sourcecode.swift; path = CreatePatientViewModel.swift; sourceTree = "<group>"; };
/* End PBXFileReference section */

/* Begin PBXFrameworksBuildPhase section */
		DBF51679282EFA130011B55A /* Frameworks */ = {
			isa = PBXFrameworksBuildPhase;
			buildActionMask = 2147483647;
			files = (
			);
			runOnlyForDeploymentPostprocessing = 0;
		};
/* End PBXFrameworksBuildPhase section */

/* Begin PBXGroup section */
		DBF51673282EFA130011B55A = {
			isa = PBXGroup;
			children = (
				DBF5167E282EFA130011B55A /* SAE */,
				DBF5167D282EFA130011B55A /* Products */,
			);
			sourceTree = "<group>";
		};
		DBF5167D282EFA130011B55A /* Products */ = {
			isa = PBXGroup;
			children = (
				DBF5167C282EFA130011B55A /* SAE.app */,
			);
			name = Products;
			sourceTree = "<group>";
		};
		DBF5167E282EFA130011B55A /* SAE */ = {
			isa = PBXGroup;
			children = (
				DBF5168E282EFD640011B55A /* View */,
				DBF5168D282EFD5D0011B55A /* Model */,
				DBF5167F282EFA130011B55A /* SAEApp.swift */,
				DBF51683282EFA160011B55A /* Assets.xcassets */,
				DBF51685282EFA160011B55A /* Preview Content */,
			);
			path = SAE;
			sourceTree = "<group>";
		};
		DBF51685282EFA160011B55A /* Preview Content */ = {
			isa = PBXGroup;
			children = (
				DBF51686282EFA160011B55A /* Preview Assets.xcassets */,
			);
			path = "Preview Content";
			sourceTree = "<group>";
		};
		DBF5168D282EFD5D0011B55A /* Model */ = {
			isa = PBXGroup;
			children = (
				DBF51693282EFEF30011B55A /* Patient.swift */,
			);
			path = Model;
			sourceTree = "<group>";
		};
		DBF5168E282EFD640011B55A /* View */ = {
			isa = PBXGroup;
			children = (
				DBF51695282EFFC10011B55A /* Screens */,
			);
			path = View;
			sourceTree = "<group>";
		};
		DBF51695282EFFC10011B55A /* Screens */ = {
			isa = PBXGroup;
			children = (
				DBF51697282F000E0011B55A /* CreatePatient */,
				DBF51696282EFFC90011B55A /* Home */,
			);
			path = Screens;
			sourceTree = "<group>";
		};
		DBF51696282EFFC90011B55A /* Home */ = {
			isa = PBXGroup;
			children = (
				DBF5168F282EFD830011B55A /* HomeView.swift */,
				DBF51691282EFE5D0011B55A /* HomeViewModel.swift */,
			);
			path = Home;
			sourceTree = "<group>";
		};
		DBF51697282F000E0011B55A /* CreatePatient */ = {
			isa = PBXGroup;
			children = (
				DBF51698282F00260011B55A /* CreatePatientView.swift */,
				DBF5169A282F00BD0011B55A /* CreatePatientViewModel.swift */,
			);
			path = CreatePatient;
			sourceTree = "<group>";
		};
/* End PBXGroup section */

/* Begin PBXNativeTarget section */
		DBF5167B282EFA130011B55A /* SAE */ = {
			isa = PBXNativeTarget;
			buildConfigurationList = DBF5168A282EFA160011B55A /* Build configuration list for PBXNativeTarget "SAE" */;
			buildPhases = (
				DBF51678282EFA130011B55A /* Sources */,
				DBF51679282EFA130011B55A /* Frameworks */,
				DBF5167A282EFA130011B55A /* Resources */,
			);
			buildRules = (
			);
			dependencies = (
			);
			name = SAE;
			productName = SAE;
			productReference = DBF5167C282EFA130011B55A /* SAE.app */;
			productType = "com.apple.product-type.application";
		};
/* End PBXNativeTarget section */

/* Begin PBXProject section */
		DBF51674282EFA130011B55A /* Project object */ = {
			isa = PBXProject;
			attributes = {
				BuildIndependentTargetsInParallel = 1;
				LastSwiftUpdateCheck = 1330;
				LastUpgradeCheck = 1330;
				TargetAttributes = {
					DBF5167B282EFA130011B55A = {
						CreatedOnToolsVersion = 13.3.1;
					};
				};
			};
			buildConfigurationList = DBF51677282EFA130011B55A /* Build configuration list for PBXProject "SAE" */;
			compatibilityVersion = "Xcode 13.0";
			developmentRegion = en;
			hasScannedForEncodings = 0;
			knownRegions = (
				en,
				Base,
			);
			mainGroup = DBF51673282EFA130011B55A;
			productRefGroup = DBF5167D282EFA130011B55A /* Products */;
			projectDirPath = "";
			projectRoot = "";
			targets = (
				DBF5167B282EFA130011B55A /* SAE */,
			);
		};
/* End PBXProject section */

/* Begin PBXResourcesBuildPhase section */
		DBF5167A282EFA130011B55A /* Resources */ = {
			isa = PBXResourcesBuildPhase;
			buildActionMask = 2147483647;
			files = (
				DBF51687282EFA160011B55A /* Preview Assets.xcassets in Resources */,
				DBF51684282EFA160011B55A /* Assets.xcassets in Resources */,
			);
			runOnlyForDeploymentPostprocessing = 0;
		};
/* End PBXResourcesBuildPhase section */

/* Begin PBXSourcesBuildPhase section */
		DBF51678282EFA130011B55A /* Sources */ = {
			isa = PBXSourcesBuildPhase;
			buildActionMask = 2147483647;
			files = (
				DBF51690282EFD830011B55A /* HomeView.swift in Sources */,
				DBF51699282F00260011B55A /* CreatePatientView.swift in Sources */,
				DBF5169B282F00BD0011B55A /* CreatePatientViewModel.swift in Sources */,
				DBF51694282EFEF30011B55A /* Patient.swift in Sources */,
				DBF51692282EFE5D0011B55A /* HomeViewModel.swift in Sources */,
				DBF51680282EFA130011B55A /* SAEApp.swift in Sources */,
			);
			runOnlyForDeploymentPostprocessing = 0;
		};
/* End PBXSourcesBuildPhase section */

/* Begin XCBuildConfiguration section */
		DBF51688282EFA160011B55A /* Debug */ = {
			isa = XCBuildConfiguration;
			buildSettings = {
				ALWAYS_SEARCH_USER_PATHS = NO;
				CLANG_ANALYZER_NONNULL = YES;
				CLANG_ANALYZER_NUMBER_OBJECT_CONVERSION = YES_AGGRESSIVE;
				CLANG_CXX_LANGUAGE_STANDARD = "gnu++17";
				CLANG_ENABLE_MODULES = YES;
				CLANG_ENABLE_OBJC_ARC = YES;
				CLANG_ENABLE_OBJC_WEAK = YES;
				CLANG_WARN_BLOCK_CAPTURE_AUTORELEASING = YES;
				CLANG_WARN_BOOL_CONVERSION = YES;
				CLANG_WARN_COMMA = YES;
				CLANG_WARN_CONSTANT_CONVERSION = YES;
				CLANG_WARN_DEPRECATED_OBJC_IMPLEMENTATIONS = YES;
				CLANG_WARN_DIRECT_OBJC_ISA_USAGE = YES_ERROR;
				CLANG_WARN_DOCUMENTATION_COMMENTS = YES;
				CLANG_WARN_EMPTY_BODY = YES;
				CLANG_WARN_ENUM_CONVERSION = YES;
				CLANG_WARN_INFINITE_RECURSION = YES;
				CLANG_WARN_INT_CONVERSION = YES;
				CLANG_WARN_NON_LITERAL_NULL_CONVERSION = YES;
				CLANG_WARN_OBJC_IMPLICIT_RETAIN_SELF = YES;
				CLANG_WARN_OBJC_LITERAL_CONVERSION = YES;
				CLANG_WARN_OBJC_ROOT_CLASS = YES_ERROR;
				CLANG_WARN_QUOTED_INCLUDE_IN_FRAMEWORK_HEADER = YES;
				CLANG_WARN_RANGE_LOOP_ANALYSIS = YES;
				CLANG_WARN_STRICT_PROTOTYPES = YES;
				CLANG_WARN_SUSPICIOUS_MOVE = YES;
				CLANG_WARN_UNGUARDED_AVAILABILITY = YES_AGGRESSIVE;
				CLANG_WARN_UNREACHABLE_CODE = YES;
				CLANG_WARN__DUPLICATE_METHOD_MATCH = YES;
				COPY_PHASE_STRIP = NO;
				DEBUG_INFORMATION_FORMAT = dwarf;
				ENABLE_STRICT_OBJC_MSGSEND = YES;
				ENABLE_TESTABILITY = YES;
				GCC_C_LANGUAGE_STANDARD = gnu11;
				GCC_DYNAMIC_NO_PIC = NO;
				GCC_NO_COMMON_BLOCKS = YES;
				GCC_OPTIMIZATION_LEVEL = 0;
				GCC_PREPROCESSOR_DEFINITIONS = (
					"DEBUG=1",
					"$(inherited)",
				);
				GCC_WARN_64_TO_32_BIT_CONVERSION = YES;
				GCC_WARN_ABOUT_RETURN_TYPE = YES_ERROR;
				GCC_WARN_UNDECLARED_SELECTOR = YES;
				GCC_WARN_UNINITIALIZED_AUTOS = YES_AGGRESSIVE;
				GCC_WARN_UNUSED_FUNCTION = YES;
				GCC_WARN_UNUSED_VARIABLE = YES;
				IPHONEOS_DEPLOYMENT_TARGET = 15.4;
				MTL_ENABLE_DEBUG_INFO = INCLUDE_SOURCE;
				MTL_FAST_MATH = YES;
				ONLY_ACTIVE_ARCH = YES;
				SDKROOT = iphoneos;
				SWIFT_ACTIVE_COMPILATION_CONDITIONS = DEBUG;
				SWIFT_OPTIMIZATION_LEVEL = "-Onone";
			};
			name = Debug;
		};
		DBF51689282EFA160011B55A /* Release */ = {
			isa = XCBuildConfiguration;
			buildSettings = {
				ALWAYS_SEARCH_USER_PATHS = NO;
				CLANG_ANALYZER_NONNULL = YES;
				CLANG_ANALYZER_NUMBER_OBJECT_CONVERSION = YES_AGGRESSIVE;
				CLANG_CXX_LANGUAGE_STANDARD = "gnu++17";
				CLANG_ENABLE_MODULES = YES;
				CLANG_ENABLE_OBJC_ARC = YES;
				CLANG_ENABLE_OBJC_WEAK = YES;
				CLANG_WARN_BLOCK_CAPTURE_AUTORELEASING = YES;
				CLANG_WARN_BOOL_CONVERSION = YES;
				CLANG_WARN_COMMA = YES;
				CLANG_WARN_CONSTANT_CONVERSION = YES;
				CLANG_WARN_DEPRECATED_OBJC_IMPLEMENTATIONS = YES;
				CLANG_WARN_DIRECT_OBJC_ISA_USAGE = YES_ERROR;
				CLANG_WARN_DOCUMENTATION_COMMENTS = YES;
				CLANG_WARN_EMPTY_BODY = YES;
				CLANG_WARN_ENUM_CONVERSION = YES;
				CLANG_WARN_INFINITE_RECURSION = YES;
				CLANG_WARN_INT_CONVERSION = YES;
				CLANG_WARN_NON_LITERAL_NULL_CONVERSION = YES;
				CLANG_WARN_OBJC_IMPLICIT_RETAIN_SELF = YES;
				CLANG_WARN_OBJC_LITERAL_CONVERSION = YES;
				CLANG_WARN_OBJC_ROOT_CLASS = YES_ERROR;
				CLANG_WARN_QUOTED_INCLUDE_IN_FRAMEWORK_HEADER = YES;
				CLANG_WARN_RANGE_LOOP_ANALYSIS = YES;
				CLANG_WARN_STRICT_PROTOTYPES = YES;
				CLANG_WARN_SUSPICIOUS_MOVE = YES;
				CLANG_WARN_UNGUARDED_AVAILABILITY = YES_AGGRESSIVE;
				CLANG_WARN_UNREACHABLE_CODE = YES;
				CLANG_WARN__DUPLICATE_METHOD_MATCH = YES;
				COPY_PHASE_STRIP = NO;
				DEBUG_INFORMATION_FORMAT = "dwarf-with-dsym";
				ENABLE_NS_ASSERTIONS = NO;
				ENABLE_STRICT_OBJC_MSGSEND = YES;
				GCC_C_LANGUAGE_STANDARD = gnu11;
				GCC_NO_COMMON_BLOCKS = YES;
				GCC_WARN_64_TO_32_BIT_CONVERSION = YES;
				GCC_WARN_ABOUT_RETURN_TYPE = YES_ERROR;
				GCC_WARN_UNDECLARED_SELECTOR = YES;
				GCC_WARN_UNINITIALIZED_AUTOS = YES_AGGRESSIVE;
				GCC_WARN_UNUSED_FUNCTION = YES;
				GCC_WARN_UNUSED_VARIABLE = YES;
				IPHONEOS_DEPLOYMENT_TARGET = 15.4;
				MTL_ENABLE_DEBUG_INFO = NO;
				MTL_FAST_MATH = YES;
				SDKROOT = iphoneos;
				SWIFT_COMPILATION_MODE = wholemodule;
				SWIFT_OPTIMIZATION_LEVEL = "-O";
				VALIDATE_PRODUCT = YES;
			};
			name = Release;
		};
		DBF5168B282EFA160011B55A /* Debug */ = {
			isa = XCBuildConfiguration;
			buildSettings = {
				ASSETCATALOG_COMPILER_APPICON_NAME = AppIcon;
				ASSETCATALOG_COMPILER_GLOBAL_ACCENT_COLOR_NAME = AccentColor;
				CODE_SIGN_STYLE = Automatic;
				CURRENT_PROJECT_VERSION = 1;
				DEVELOPMENT_ASSET_PATHS = "\"SAE/Preview Content\"";
				DEVELOPMENT_TEAM = RRJWX5S3D9;
				ENABLE_PREVIEWS = YES;
				GENERATE_INFOPLIST_FILE = YES;
				INFOPLIST_KEY_UIApplicationSceneManifest_Generation = YES;
				INFOPLIST_KEY_UIApplicationSupportsIndirectInputEvents = YES;
				INFOPLIST_KEY_UILaunchScreen_Generation = YES;
				INFOPLIST_KEY_UISupportedInterfaceOrientations_iPad = "UIInterfaceOrientationPortrait UIInterfaceOrientationPortraitUpsideDown UIInterfaceOrientationLandscapeLeft UIInterfaceOrientationLandscapeRight";
				INFOPLIST_KEY_UISupportedInterfaceOrientations_iPhone = "UIInterfaceOrientationPortrait UIInterfaceOrientationLandscapeLeft UIInterfaceOrientationLandscapeRight";
				LD_RUNPATH_SEARCH_PATHS = (
					"$(inherited)",
					"@executable_path/Frameworks",
				);
				MARKETING_VERSION = 1.0;
				PRODUCT_BUNDLE_IDENTIFIER = com.brunonascimento.SAE;
				PRODUCT_NAME = "$(TARGET_NAME)";
				SWIFT_EMIT_LOC_STRINGS = YES;
				SWIFT_VERSION = 5.0;
				TARGETED_DEVICE_FAMILY = "1,2";
			};
			name = Debug;
		};
		DBF5168C282EFA160011B55A /* Release */ = {
			isa = XCBuildConfiguration;
			buildSettings = {
				ASSETCATALOG_COMPILER_APPICON_NAME = AppIcon;
				ASSETCATALOG_COMPILER_GLOBAL_ACCENT_COLOR_NAME = AccentColor;
				CODE_SIGN_STYLE = Automatic;
				CURRENT_PROJECT_VERSION = 1;
				DEVELOPMENT_ASSET_PATHS = "\"SAE/Preview Content\"";
				DEVELOPMENT_TEAM = RRJWX5S3D9;
				ENABLE_PREVIEWS = YES;
				GENERATE_INFOPLIST_FILE = YES;
				INFOPLIST_KEY_UIApplicationSceneManifest_Generation = YES;
				INFOPLIST_KEY_UIApplicationSupportsIndirectInputEvents = YES;
				INFOPLIST_KEY_UILaunchScreen_Generation = YES;
				INFOPLIST_KEY_UISupportedInterfaceOrientations_iPad = "UIInterfaceOrientationPortrait UIInterfaceOrientationPortraitUpsideDown UIInterfaceOrientationLandscapeLeft UIInterfaceOrientationLandscapeRight";
				INFOPLIST_KEY_UISupportedInterfaceOrientations_iPhone = "UIInterfaceOrientationPortrait UIInterfaceOrientationLandscapeLeft UIInterfaceOrientationLandscapeRight";
				LD_RUNPATH_SEARCH_PATHS = (
					"$(inherited)",
					"@executable_path/Frameworks",
				);
				MARKETING_VERSION = 1.0;
				PRODUCT_BUNDLE_IDENTIFIER = com.brunonascimento.SAE;
				PRODUCT_NAME = "$(TARGET_NAME)";
				SWIFT_EMIT_LOC_STRINGS = YES;
				SWIFT_VERSION = 5.0;
				TARGETED_DEVICE_FAMILY = "1,2";
			};
			name = Release;
		};
/* End XCBuildConfiguration section */

/* Begin XCConfigurationList section */
		DBF51677282EFA130011B55A /* Build configuration list for PBXProject "SAE" */ = {
			isa = XCConfigurationList;
			buildConfigurations = (
				DBF51688282EFA160011B55A /* Debug */,
				DBF51689282EFA160011B55A /* Release */,
			);
			defaultConfigurationIsVisible = 0;
			defaultConfigurationName = Release;
		};
		DBF5168A282EFA160011B55A /* Build configuration list for PBXNativeTarget "SAE" */ = {
			isa = XCConfigurationList;
			buildConfigurations = (
				DBF5168B282EFA160011B55A /* Debug */,
				DBF5168C282EFA160011B55A /* Release */,
			);
			defaultConfigurationIsVisible = 0;
			defaultConfigurationName = Release;
		};
/* End XCConfigurationList section */
	};
	rootObject = DBF51674282EFA130011B55A /* Project object */;
}
